
Microsoft Visual Studio Solution File, Format Version 12.00
# Visual Studio Version 17
VisualStudioVersion = 17.1.32228.430
MinimumVisualStudioVersion = 10.0.40219.1
Project("{9A19103F-16F7-4668-BE54-9A1E7A4F7556}") = "1-Introduction", "1-Introduction\1-Introduction.csproj", "{176FDA25-0032-4E48-857C-85F9018F683E}"
EndProject
Project("{9A19103F-16F7-4668-BE54-9A1E7A4F7556}") = "2-Anchor", "Anchor\2-Anchor.csproj", "{3B3FD9D6-E15B-4781-A928-A932AAB3EE0B}"
EndProject
Project("{9A19103F-16F7-4668-BE54-9A1E7A4F7556}") = "3-Script_Link", "3-Script_Link\3-Script_Link.csproj", "{956C1A37-2E57-4C1A-B28E-426F6F5B5DC4}"
EndProject
Project("{9A19103F-16F7-4668-BE54-9A1E7A4F7556}") = "4-Form", "4-Form\4-Form.csproj", "{11D2F375-F32F-4C0E-A727-C9F96E78385E}"
EndProject
Project("{9A19103F-16F7-4668-BE54-9A1E7A4F7556}") = "5-Enviroment", "5-Enviroment\5-Enviroment.csproj", "{6FCAC448-7BC1-4734-80FF-5C789501971B}"
EndProject
Project("{9A19103F-16F7-4668-BE54-9A1E7A4F7556}") = "6-Cache", "6-Cache\6-Cache.csproj", "{CC954198-519F-4161-B41A-75B27169007A}"
EndProject
Project("{9A19103F-16F7-4668-BE54-9A1E7A4F7556}") = "7-Creating", "7-Creating\7-Creating.csproj", "{3A8A8462-5423-455F-A533-27504D80230F}"
EndProject
Project("{9A19103F-16F7-4668-BE54-9A1E7A4F7556}") = "8-OutputControl", "8-OutputControl\8-OutputControl.csproj", "{739F59AC-3C97-4B21-9531-C6804DE0ECB3}"
EndProject
Project("{9A19103F-16F7-4668-BE54-9A1E7A4F7556}") = "9-Context_and_DI", "9-Context_and_DI\9-Context_and_DI.csproj", "{D51631F2-F371-40B0-B389-5E2752535589}"
EndProject
Project("{FAE04EC0-301F-11D3-BF4B-00C04F79EFBC}") = "10-HtmlTargetElement", "10-HtmlTargetElement\10-HtmlTargetElement.csproj", "{6A78FAAB-9734-4A41-A308-5343238C159D}"
EndProject
Global
	GlobalSection(SolutionConfigurationPlatforms) = preSolution
		Debug|Any CPU = Debug|Any CPU
		Release|Any CPU = Release|Any CPU
	EndGlobalSection
	GlobalSection(ProjectConfigurationPlatforms) = postSolution
		{176FDA25-0032-4E48-857C-85F9018F683E}.Debug|Any CPU.ActiveCfg = Debug|Any CPU
		{176FDA25-0032-4E48-857C-85F9018F683E}.Debug|Any CPU.Build.0 = Debug|Any CPU
		{176FDA25-0032-4E48-857C-85F9018F683E}.Release|Any CPU.ActiveCfg = Release|Any CPU
		{176FDA25-0032-4E48-857C-85F9018F683E}.Release|Any CPU.Build.0 = Release|Any CPU
		{3B3FD9D6-E15B-4781-A928-A932AAB3EE0B}.Debug|Any CPU.ActiveCfg = Debug|Any CPU
		{3B3FD9D6-E15B-4781-A928-A932AAB3EE0B}.Debug|Any CPU.Build.0 = Debug|Any CPU
		{3B3FD9D6-E15B-4781-A928-A932AAB3EE0B}.Release|Any CPU.ActiveCfg = Release|Any CPU
		{3B3FD9D6-E15B-4781-A928-A932AAB3EE0B}.Release|Any CPU.Build.0 = Release|Any CPU
		{956C1A37-2E57-4C1A-B28E-426F6F5B5DC4}.Debug|Any CPU.ActiveCfg = Debug|Any CPU
		{956C1A37-2E57-4C1A-B28E-426F6F5B5DC4}.Debug|Any CPU.Build.0 = Debug|Any CPU
		{956C1A37-2E57-4C1A-B28E-426F6F5B5DC4}.Release|Any CPU.ActiveCfg = Release|Any CPU
		{956C1A37-2E57-4C1A-B28E-426F6F5B5DC4}.Release|Any CPU.Build.0 = Release|Any CPU
		{11D2F375-F32F-4C0E-A727-C9F96E78385E}.Debug|Any CPU.ActiveCfg = Debug|Any CPU
		{11D2F375-F32F-4C0E-A727-C9F96E78385E}.Debug|Any CPU.Build.0 = Debug|Any CPU
		{11D2F375-F32F-4C0E-A727-C9F96E78385E}.Release|Any CPU.ActiveCfg = Release|Any CPU
		{11D2F375-F32F-4C0E-A727-C9F96E78385E}.Release|Any CPU.Build.0 = Release|Any CPU
		{6FCAC448-7BC1-4734-80FF-5C789501971B}.Debug|Any CPU.ActiveCfg = Debug|Any CPU
		{6FCAC448-7BC1-4734-80FF-5C789501971B}.Debug|Any CPU.Build.0 = Debug|Any CPU
		{6FCAC448-7BC1-4734-80FF-5C789501971B}.Release|Any CPU.ActiveCfg = Release|Any CPU
		{6FCAC448-7BC1-4734-80FF-5C789501971B}.Release|Any CPU.Build.0 = Release|Any CPU
		{CC954198-519F-4161-B41A-75B27169007A}.Debug|Any CPU.ActiveCfg = Debug|Any CPU
		{CC954198-519F-4161-B41A-75B27169007A}.Debug|Any CPU.Build.0 = Debug|Any CPU
		{CC954198-519F-4161-B41A-75B27169007A}.Release|Any CPU.ActiveCfg = Release|Any CPU
		{CC954198-519F-4161-B41A-75B27169007A}.Release|Any CPU.Build.0 = Release|Any CPU
		{3A8A8462-5423-455F-A533-27504D80230F}.Debug|Any CPU.ActiveCfg = Debug|Any CPU
		{3A8A8462-5423-455F-A533-27504D80230F}.Debug|Any CPU.Build.0 = Debug|Any CPU
		{3A8A8462-5423-455F-A533-27504D80230F}.Release|Any CPU.ActiveCfg = Release|Any CPU
		{3A8A8462-5423-455F-A533-27504D80230F}.Release|Any CPU.Build.0 = Release|Any CPU
		{739F59AC-3C97-4B21-9531-C6804DE0ECB3}.Debug|Any CPU.ActiveCfg = Debug|Any CPU
		{739F59AC-3C97-4B21-9531-C6804DE0ECB3}.Debug|Any CPU.Build.0 = Debug|Any CPU
		{739F59AC-3C97-4B21-9531-C6804DE0ECB3}.Release|Any CPU.ActiveCfg = Release|Any CPU
		{739F59AC-3C97-4B21-9531-C6804DE0ECB3}.Release|Any CPU.Build.0 = Release|Any CPU
		{D51631F2-F371-40B0-B389-5E2752535589}.Debug|Any CPU.ActiveCfg = Debug|Any CPU
		{D51631F2-F371-40B0-B389-5E2752535589}.Debug|Any CPU.Build.0 = Debug|Any CPU
		{D51631F2-F371-40B0-B389-5E2752535589}.Release|Any CPU.ActiveCfg = Release|Any CPU
		{D51631F2-F371-40B0-B389-5E2752535589}.Release|Any CPU.Build.0 = Release|Any CPU
		{6A78FAAB-9734-4A41-A308-5343238C159D}.Debug|Any CPU.ActiveCfg = Debug|Any CPU
		{6A78FAAB-9734-4A41-A308-5343238C159D}.Debug|Any CPU.Build.0 = Debug|Any CPU
		{6A78FAAB-9734-4A41-A308-5343238C159D}.Release|Any CPU.ActiveCfg = Release|Any CPU
		{6A78FAAB-9734-4A41-A308-5343238C159D}.Release|Any CPU.Build.0 = Release|Any CPU
	EndGlobalSection
	GlobalSection(SolutionProperties) = preSolution
		HideSolutionNode = FALSE
	EndGlobalSection
	GlobalSection(ExtensibilityGlobals) = postSolution
		SolutionGuid = {FBC24355-9F93-4D54-B640-88EF0C42A81A}
	EndGlobalSection
EndGlobal
